
Microsoft Visual Studio Solution File, Format Version 12.00
# Visual Studio Version 16
VisualStudioVersion = 16.0.30907.101
MinimumVisualStudioVersion = 10.0.40219.1
Project("{9A19103F-16F7-4668-BE54-9A1E7A4F7556}") = "KampIntro", "KampIntro\KampIntro.csproj", "{05905404-2C35-4991-913C-4488E0AB52D5}"
EndProject
Project("{9A19103F-16F7-4668-BE54-9A1E7A4F7556}") = "donguler", "donguler\donguler.csproj", "{17110BA0-75EC-4EE9-A538-2F3901FAD197}"
EndProject
Project("{9A19103F-16F7-4668-BE54-9A1E7A4F7556}") = "ClassIntro", "ClassIntro\ClassIntro.csproj", "{F110D1FF-8437-495A-86D0-AD621A558663}"
EndProject
Project("{9A19103F-16F7-4668-BE54-9A1E7A4F7556}") = "metodlar", "metodlar\metodlar.csproj", "{F84FB0E5-5F88-40C1-AB3B-4ED6C85818FE}"
EndProject
Project("{9A19103F-16F7-4668-BE54-9A1E7A4F7556}") = "Matematik", "Matematik\Matematik.csproj", "{F9530C03-78DE-4263-BCE8-EBFE27461175}"
EndProject
Project("{9A19103F-16F7-4668-BE54-9A1E7A4F7556}") = "DegerVeReferansTipler", "DegerVeReferansTipler\DegerVeReferansTipler.csproj", "{BDAB86F5-65EF-4290-8983-8EB5E2FD16DF}"
EndProject
Project("{9A19103F-16F7-4668-BE54-9A1E7A4F7556}") = "ClassMetotDemoo", "ClassMetotDemoo\ClassMetotDemoo.csproj", "{06B942BE-7A9B-406E-B0CA-9A6F158DE7EB}"
EndProject
Project("{FAE04EC0-301F-11D3-BF4B-00C04F79EFBC}") = "OOP1", "OOP1\OOP1.csproj", "{2440D436-B78A-40A5-B6F5-78FDE10D2BAD}"
EndProject
Project("{FAE04EC0-301F-11D3-BF4B-00C04F79EFBC}") = "Koleksiyonlar", "Koleksiyonlar\Koleksiyonlar.csproj", "{EAF7CEB8-5ED2-484C-8544-FF81AC6A1AAA}"
EndProject
Project("{FAE04EC0-301F-11D3-BF4B-00C04F79EFBC}") = "GenericsIntro", "GenericsIntro\GenericsIntro.csproj", "{9D483895-503B-4210-99D9-160AB513CDEE}"
EndProject
Global
	GlobalSection(SolutionConfigurationPlatforms) = preSolution
		Debug|Any CPU = Debug|Any CPU
		Release|Any CPU = Release|Any CPU
	EndGlobalSection
	GlobalSection(ProjectConfigurationPlatforms) = postSolution
		{05905404-2C35-4991-913C-4488E0AB52D5}.Debug|Any CPU.ActiveCfg = Debug|Any CPU
		{05905404-2C35-4991-913C-4488E0AB52D5}.Debug|Any CPU.Build.0 = Debug|Any CPU
		{05905404-2C35-4991-913C-4488E0AB52D5}.Release|Any CPU.ActiveCfg = Release|Any CPU
		{05905404-2C35-4991-913C-4488E0AB52D5}.Release|Any CPU.Build.0 = Release|Any CPU
		{17110BA0-75EC-4EE9-A538-2F3901FAD197}.Debug|Any CPU.ActiveCfg = Debug|Any CPU
		{17110BA0-75EC-4EE9-A538-2F3901FAD197}.Debug|Any CPU.Build.0 = Debug|Any CPU
		{17110BA0-75EC-4EE9-A538-2F3901FAD197}.Release|Any CPU.ActiveCfg = Release|Any CPU
		{17110BA0-75EC-4EE9-A538-2F3901FAD197}.Release|Any CPU.Build.0 = Release|Any CPU
		{F110D1FF-8437-495A-86D0-AD621A558663}.Debug|Any CPU.ActiveCfg = Debug|Any CPU
		{F110D1FF-8437-495A-86D0-AD621A558663}.Debug|Any CPU.Build.0 = Debug|Any CPU
		{F110D1FF-8437-495A-86D0-AD621A558663}.Release|Any CPU.ActiveCfg = Release|Any CPU
		{F110D1FF-8437-495A-86D0-AD621A558663}.Release|Any CPU.Build.0 = Release|Any CPU
		{F84FB0E5-5F88-40C1-AB3B-4ED6C85818FE}.Debug|Any CPU.ActiveCfg = Debug|Any CPU
		{F84FB0E5-5F88-40C1-AB3B-4ED6C85818FE}.Debug|Any CPU.Build.0 = Debug|Any CPU
		{F84FB0E5-5F88-40C1-AB3B-4ED6C85818FE}.Release|Any CPU.ActiveCfg = Release|Any CPU
		{F84FB0E5-5F88-40C1-AB3B-4ED6C85818FE}.Release|Any CPU.Build.0 = Release|Any CPU
		{F9530C03-78DE-4263-BCE8-EBFE27461175}.Debug|Any CPU.ActiveCfg = Debug|Any CPU
		{F9530C03-78DE-4263-BCE8-EBFE27461175}.Debug|Any CPU.Build.0 = Debug|Any CPU
		{F9530C03-78DE-4263-BCE8-EBFE27461175}.Release|Any CPU.ActiveCfg = Release|Any CPU
		{F9530C03-78DE-4263-BCE8-EBFE27461175}.Release|Any CPU.Build.0 = Release|Any CPU
		{BDAB86F5-65EF-4290-8983-8EB5E2FD16DF}.Debug|Any CPU.ActiveCfg = Debug|Any CPU
		{BDAB86F5-65EF-4290-8983-8EB5E2FD16DF}.Debug|Any CPU.Build.0 = Debug|Any CPU
		{BDAB86F5-65EF-4290-8983-8EB5E2FD16DF}.Release|Any CPU.ActiveCfg = Release|Any CPU
		{BDAB86F5-65EF-4290-8983-8EB5E2FD16DF}.Release|Any CPU.Build.0 = Release|Any CPU
		{06B942BE-7A9B-406E-B0CA-9A6F158DE7EB}.Debug|Any CPU.ActiveCfg = Debug|Any CPU
		{06B942BE-7A9B-406E-B0CA-9A6F158DE7EB}.Debug|Any CPU.Build.0 = Debug|Any CPU
		{06B942BE-7A9B-406E-B0CA-9A6F158DE7EB}.Release|Any CPU.ActiveCfg = Release|Any CPU
		{06B942BE-7A9B-406E-B0CA-9A6F158DE7EB}.Release|Any CPU.Build.0 = Release|Any CPU
		{2440D436-B78A-40A5-B6F5-78FDE10D2BAD}.Debug|Any CPU.ActiveCfg = Debug|Any CPU
		{2440D436-B78A-40A5-B6F5-78FDE10D2BAD}.Debug|Any CPU.Build.0 = Debug|Any CPU
		{2440D436-B78A-40A5-B6F5-78FDE10D2BAD}.Release|Any CPU.ActiveCfg = Release|Any CPU
		{2440D436-B78A-40A5-B6F5-78FDE10D2BAD}.Release|Any CPU.Build.0 = Release|Any CPU
		{EAF7CEB8-5ED2-484C-8544-FF81AC6A1AAA}.Debug|Any CPU.ActiveCfg = Debug|Any CPU
		{EAF7CEB8-5ED2-484C-8544-FF81AC6A1AAA}.Debug|Any CPU.Build.0 = Debug|Any CPU
		{EAF7CEB8-5ED2-484C-8544-FF81AC6A1AAA}.Release|Any CPU.ActiveCfg = Release|Any CPU
		{EAF7CEB8-5ED2-484C-8544-FF81AC6A1AAA}.Release|Any CPU.Build.0 = Release|Any CPU
		{9D483895-503B-4210-99D9-160AB513CDEE}.Debug|Any CPU.ActiveCfg = Debug|Any CPU
		{9D483895-503B-4210-99D9-160AB513CDEE}.Debug|Any CPU.Build.0 = Debug|Any CPU
		{9D483895-503B-4210-99D9-160AB513CDEE}.Release|Any CPU.ActiveCfg = Release|Any CPU
		{9D483895-503B-4210-99D9-160AB513CDEE}.Release|Any CPU.Build.0 = Release|Any CPU
	EndGlobalSection
	GlobalSection(SolutionProperties) = preSolution
		HideSolutionNode = FALSE
	EndGlobalSection
	GlobalSection(ExtensibilityGlobals) = postSolution
		SolutionGuid = {8D7D8C5E-69D6-4CF4-8BA7-9C45439DC1C1}
	EndGlobalSection
EndGlobal
